// !$*UTF8*$!
{
	archiveVersion = 1;
	classes = {
	};
	objectVersion = 56;
	objects = {

/* Begin PBXBuildFile section */
		61505B102A08B8150076D69C /* Storage.swift in Sources */ = {isa = PBXBuildFile; fileRef = 61505B0F2A08B8150076D69C /* Storage.swift */; };
		61505B142A08BA7A0076D69C /* Question.swift in Sources */ = {isa = PBXBuildFile; fileRef = 61505B132A08BA7A0076D69C /* Question.swift */; };
		A24032E02A04B7C800FC456E /* AppDelegate.swift in Sources */ = {isa = PBXBuildFile; fileRef = A24032DF2A04B7C800FC456E /* AppDelegate.swift */; };
		A24032E22A04B7C800FC456E /* SceneDelegate.swift in Sources */ = {isa = PBXBuildFile; fileRef = A24032E12A04B7C800FC456E /* SceneDelegate.swift */; };
		A24032E42A04B7C800FC456E /* ViewController.swift in Sources */ = {isa = PBXBuildFile; fileRef = A24032E32A04B7C800FC456E /* ViewController.swift */; };
		A24032E72A04B7C800FC456E /* Main.storyboard in Resources */ = {isa = PBXBuildFile; fileRef = A24032E52A04B7C800FC456E /* Main.storyboard */; };
		A24032E92A04B7C800FC456E /* Assets.xcassets in Resources */ = {isa = PBXBuildFile; fileRef = A24032E82A04B7C800FC456E /* Assets.xcassets */; };
		A24032EC2A04B7C800FC456E /* LaunchScreen.storyboard in Resources */ = {isa = PBXBuildFile; fileRef = A24032EA2A04B7C800FC456E /* LaunchScreen.storyboard */; };
		A24032F72A04BFE800FC456E /* LaunchViewController.swift in Sources */ = {isa = PBXBuildFile; fileRef = A24032F62A04BFE800FC456E /* LaunchViewController.swift */; };
		A24032F92A04BFF600FC456E /* OwnerLoginViewController.swift in Sources */ = {isa = PBXBuildFile; fileRef = A24032F82A04BFF600FC456E /* OwnerLoginViewController.swift */; };
		A24032FC2A04C01400FC456E /* UserLoginViewController.swift in Sources */ = {isa = PBXBuildFile; fileRef = A24032FB2A04C01400FC456E /* UserLoginViewController.swift */; };
		A24032FE2A04C02200FC456E /* ModifyQuestionViewController.swift in Sources */ = {isa = PBXBuildFile; fileRef = A24032FD2A04C02200FC456E /* ModifyQuestionViewController.swift */; };
		A24033002A04C04C00FC456E /* QuestionnaireViewController.swift in Sources */ = {isa = PBXBuildFile; fileRef = A24032FF2A04C04C00FC456E /* QuestionnaireViewController.swift */; };
/* End PBXBuildFile section */

/* Begin PBXFileReference section */
		61505B0F2A08B8150076D69C /* Storage.swift */ = {isa = PBXFileReference; lastKnownFileType = sourcecode.swift; path = Storage.swift; sourceTree = SOURCE_ROOT; };
		61505B132A08BA7A0076D69C /* Question.swift */ = {isa = PBXFileReference; lastKnownFileType = sourcecode.swift; path = Question.swift; sourceTree = SOURCE_ROOT; };
		A24032DC2A04B7C800FC456E /* Anyway.app */ = {isa = PBXFileReference; explicitFileType = wrapper.application; includeInIndex = 0; path = Anyway.app; sourceTree = BUILT_PRODUCTS_DIR; };
		A24032DF2A04B7C800FC456E /* AppDelegate.swift */ = {isa = PBXFileReference; lastKnownFileType = sourcecode.swift; path = AppDelegate.swift; sourceTree = "<group>"; };
		A24032E12A04B7C800FC456E /* SceneDelegate.swift */ = {isa = PBXFileReference; lastKnownFileType = sourcecode.swift; path = SceneDelegate.swift; sourceTree = "<group>"; };
		A24032E32A04B7C800FC456E /* ViewController.swift */ = {isa = PBXFileReference; lastKnownFileType = sourcecode.swift; path = ViewController.swift; sourceTree = "<group>"; };
		A24032E62A04B7C800FC456E /* Base */ = {isa = PBXFileReference; lastKnownFileType = file.storyboard; name = Base; path = Base.lproj/Main.storyboard; sourceTree = "<group>"; };
		A24032E82A04B7C800FC456E /* Assets.xcassets */ = {isa = PBXFileReference; lastKnownFileType = folder.assetcatalog; path = Assets.xcassets; sourceTree = "<group>"; };
		A24032EB2A04B7C800FC456E /* Base */ = {isa = PBXFileReference; lastKnownFileType = file.storyboard; name = Base; path = Base.lproj/LaunchScreen.storyboard; sourceTree = "<group>"; };
		A24032ED2A04B7C800FC456E /* Info.plist */ = {isa = PBXFileReference; lastKnownFileType = text.plist.xml; path = Info.plist; sourceTree = "<group>"; };
		A24032F62A04BFE800FC456E /* LaunchViewController.swift */ = {isa = PBXFileReference; lastKnownFileType = sourcecode.swift; path = LaunchViewController.swift; sourceTree = "<group>"; };
		A24032F82A04BFF600FC456E /* OwnerLoginViewController.swift */ = {isa = PBXFileReference; lastKnownFileType = sourcecode.swift; path = OwnerLoginViewController.swift; sourceTree = "<group>"; };
		A24032FB2A04C01400FC456E /* UserLoginViewController.swift */ = {isa = PBXFileReference; lastKnownFileType = sourcecode.swift; path = UserLoginViewController.swift; sourceTree = "<group>"; };
		A24032FD2A04C02200FC456E /* ModifyQuestionViewController.swift */ = {isa = PBXFileReference; lastKnownFileType = sourcecode.swift; path = ModifyQuestionViewController.swift; sourceTree = "<group>"; };
		A24032FF2A04C04C00FC456E /* QuestionnaireViewController.swift */ = {isa = PBXFileReference; lastKnownFileType = sourcecode.swift; path = QuestionnaireViewController.swift; sourceTree = "<group>"; };
/* End PBXFileReference section */

/* Begin PBXFrameworksBuildPhase section */
		A24032D92A04B7C800FC456E /* Frameworks */ = {
			isa = PBXFrameworksBuildPhase;
			buildActionMask = 2147483647;
			files = (
			);
			runOnlyForDeploymentPostprocessing = 0;
		};
/* End PBXFrameworksBuildPhase section */

/* Begin PBXGroup section */
		A24032D32A04B7C800FC456E = {
			isa = PBXGroup;
			children = (
				A24032DE2A04B7C800FC456E /* Anyway */,
				A24032DD2A04B7C800FC456E /* Products */,
			);
			sourceTree = "<group>";
		};
		A24032DD2A04B7C800FC456E /* Products */ = {
			isa = PBXGroup;
			children = (
				A24032DC2A04B7C800FC456E /* Anyway.app */,
			);
			name = Products;
			sourceTree = "<group>";
		};
		A24032DE2A04B7C800FC456E /* Anyway */ = {
			isa = PBXGroup;
			children = (
				A24032F52A04BF1E00FC456E /* Controller */,
				A24032F42A04BF1800FC456E /* View */,
				A24032F32A04BF0F00FC456E /* Model */,
				A24032DF2A04B7C800FC456E /* AppDelegate.swift */,
				A24032E12A04B7C800FC456E /* SceneDelegate.swift */,
				A24032E32A04B7C800FC456E /* ViewController.swift */,
				A24032E82A04B7C800FC456E /* Assets.xcassets */,
				A24032EA2A04B7C800FC456E /* LaunchScreen.storyboard */,
				A24032ED2A04B7C800FC456E /* Info.plist */,
			);
			path = Anyway;
			sourceTree = "<group>";
		};
		A24032F32A04BF0F00FC456E /* Model */ = {
			isa = PBXGroup;
			children = (
				61505B0F2A08B8150076D69C /* Storage.swift */,
				61505B132A08BA7A0076D69C /* Question.swift */,
			);
			path = Model;
			sourceTree = "<group>";
		};
		A24032F42A04BF1800FC456E /* View */ = {
			isa = PBXGroup;
			children = (
				A24032E52A04B7C800FC456E /* Main.storyboard */,
			);
			path = View;
			sourceTree = "<group>";
		};
		A24032F52A04BF1E00FC456E /* Controller */ = {
			isa = PBXGroup;
			children = (
				A24032F62A04BFE800FC456E /* LaunchViewController.swift */,
				A24032F82A04BFF600FC456E /* OwnerLoginViewController.swift */,
				A24032FB2A04C01400FC456E /* UserLoginViewController.swift */,
				A24032FD2A04C02200FC456E /* ModifyQuestionViewController.swift */,
				A24032FF2A04C04C00FC456E /* QuestionnaireViewController.swift */,
			);
			path = Controller;
			sourceTree = "<group>";
		};
/* End PBXGroup section */

/* Begin PBXNativeTarget section */
		A24032DB2A04B7C800FC456E /* Anyway */ = {
			isa = PBXNativeTarget;
			buildConfigurationList = A24032F02A04B7C800FC456E /* Build configuration list for PBXNativeTarget "Anyway" */;
			buildPhases = (
				A24032D82A04B7C800FC456E /* Sources */,
				A24032D92A04B7C800FC456E /* Frameworks */,
				A24032DA2A04B7C800FC456E /* Resources */,
			);
			buildRules = (
			);
			dependencies = (
			);
			name = Anyway;
			productName = Anyway;
			productReference = A24032DC2A04B7C800FC456E /* Anyway.app */;
			productType = "com.apple.product-type.application";
		};
/* End PBXNativeTarget section */

/* Begin PBXProject section */
		A24032D42A04B7C800FC456E /* Project object */ = {
			isa = PBXProject;
			attributes = {
				BuildIndependentTargetsInParallel = 1;
				LastSwiftUpdateCheck = 1430;
				LastUpgradeCheck = 1430;
				TargetAttributes = {
					A24032DB2A04B7C800FC456E = {
						CreatedOnToolsVersion = 14.3;
					};
				};
			};
			buildConfigurationList = A24032D72A04B7C800FC456E /* Build configuration list for PBXProject "Anyway" */;
			compatibilityVersion = "Xcode 14.0";
			developmentRegion = en;
			hasScannedForEncodings = 0;
			knownRegions = (
				en,
				Base,
			);
			mainGroup = A24032D32A04B7C800FC456E;
			productRefGroup = A24032DD2A04B7C800FC456E /* Products */;
			projectDirPath = "";
			projectRoot = "";
			targets = (
				A24032DB2A04B7C800FC456E /* Anyway */,
			);
		};
/* End PBXProject section */

/* Begin PBXResourcesBuildPhase section */
		A24032DA2A04B7C800FC456E /* Resources */ = {
			isa = PBXResourcesBuildPhase;
			buildActionMask = 2147483647;
			files = (
				A24032EC2A04B7C800FC456E /* LaunchScreen.storyboard in Resources */,
				A24032E92A04B7C800FC456E /* Assets.xcassets in Resources */,
				A24032E72A04B7C800FC456E /* Main.storyboard in Resources */,
			);
			runOnlyForDeploymentPostprocessing = 0;
		};
/* End PBXResourcesBuildPhase section */

/* Begin PBXSourcesBuildPhase section */
		A24032D82A04B7C800FC456E /* Sources */ = {
			isa = PBXSourcesBuildPhase;
			buildActionMask = 2147483647;
			files = (
				A24032F92A04BFF600FC456E /* OwnerLoginViewController.swift in Sources */,
				A24032FE2A04C02200FC456E /* ModifyQuestionViewController.swift in Sources */,
				A24032E42A04B7C800FC456E /* ViewController.swift in Sources */,
				A24032F72A04BFE800FC456E /* LaunchViewController.swift in Sources */,
				A24033002A04C04C00FC456E /* QuestionnaireViewController.swift in Sources */,
				61505B142A08BA7A0076D69C /* Question.swift in Sources */,
				61505B102A08B8150076D69C /* Storage.swift in Sources */,
				A24032FC2A04C01400FC456E /* UserLoginViewController.swift in Sources */,
				A24032E02A04B7C800FC456E /* AppDelegate.swift in Sources */,
				A24032E22A04B7C800FC456E /* SceneDelegate.swift in Sources */,
			);
			runOnlyForDeploymentPostprocessing = 0;
		};
/* End PBXSourcesBuildPhase section */

/* Begin PBXVariantGroup section */
		A24032E52A04B7C800FC456E /* Main.storyboard */ = {
			isa = PBXVariantGroup;
			children = (
				A24032E62A04B7C800FC456E /* Base */,
			);
			name = Main.storyboard;
			sourceTree = "<group>";
		};
		A24032EA2A04B7C800FC456E /* LaunchScreen.storyboard */ = {
			isa = PBXVariantGroup;
			children = (
				A24032EB2A04B7C800FC456E /* Base */,
			);
			name = LaunchScreen.storyboard;
			sourceTree = "<group>";
		};
/* End PBXVariantGroup section */

/* Begin XCBuildConfiguration section */
		A24032EE2A04B7C800FC456E /* Debug */ = {
			isa = XCBuildConfiguration;
			buildSettings = {
				ALWAYS_SEARCH_USER_PATHS = NO;
				CLANG_ANALYZER_NONNULL = YES;
				CLANG_ANALYZER_NUMBER_OBJECT_CONVERSION = YES_AGGRESSIVE;
				CLANG_CXX_LANGUAGE_STANDARD = "gnu++20";
				CLANG_ENABLE_MODULES = YES;
				CLANG_ENABLE_OBJC_ARC = YES;
				CLANG_ENABLE_OBJC_WEAK = YES;
				CLANG_WARN_BLOCK_CAPTURE_AUTORELEASING = YES;
				CLANG_WARN_BOOL_CONVERSION = YES;
				CLANG_WARN_COMMA = YES;
				CLANG_WARN_CONSTANT_CONVERSION = YES;
				CLANG_WARN_DEPRECATED_OBJC_IMPLEMENTATIONS = YES;
				CLANG_WARN_DIRECT_OBJC_ISA_USAGE = YES_ERROR;
				CLANG_WARN_DOCUMENTATION_COMMENTS = YES;
				CLANG_WARN_EMPTY_BODY = YES;
				CLANG_WARN_ENUM_CONVERSION = YES;
				CLANG_WARN_INFINITE_RECURSION = YES;
				CLANG_WARN_INT_CONVERSION = YES;
				CLANG_WARN_NON_LITERAL_NULL_CONVERSION = YES;
				CLANG_WARN_OBJC_IMPLICIT_RETAIN_SELF = YES;
				CLANG_WARN_OBJC_LITERAL_CONVERSION = YES;
				CLANG_WARN_OBJC_ROOT_CLASS = YES_ERROR;
				CLANG_WARN_QUOTED_INCLUDE_IN_FRAMEWORK_HEADER = YES;
				CLANG_WARN_RANGE_LOOP_ANALYSIS = YES;
				CLANG_WARN_STRICT_PROTOTYPES = YES;
				CLANG_WARN_SUSPICIOUS_MOVE = YES;
				CLANG_WARN_UNGUARDED_AVAILABILITY = YES_AGGRESSIVE;
				CLANG_WARN_UNREACHABLE_CODE = YES;
				CLANG_WARN__DUPLICATE_METHOD_MATCH = YES;
				COPY_PHASE_STRIP = NO;
				DEBUG_INFORMATION_FORMAT = dwarf;
				ENABLE_STRICT_OBJC_MSGSEND = YES;
				ENABLE_TESTABILITY = YES;
				GCC_C_LANGUAGE_STANDARD = gnu11;
				GCC_DYNAMIC_NO_PIC = NO;
				GCC_NO_COMMON_BLOCKS = YES;
				GCC_OPTIMIZATION_LEVEL = 0;
				GCC_PREPROCESSOR_DEFINITIONS = (
					"DEBUG=1",
					"$(inherited)",
				);
				GCC_WARN_64_TO_32_BIT_CONVERSION = YES;
				GCC_WARN_ABOUT_RETURN_TYPE = YES_ERROR;
				GCC_WARN_UNDECLARED_SELECTOR = YES;
				GCC_WARN_UNINITIALIZED_AUTOS = YES_AGGRESSIVE;
				GCC_WARN_UNUSED_FUNCTION = YES;
				GCC_WARN_UNUSED_VARIABLE = YES;
				IPHONEOS_DEPLOYMENT_TARGET = 16.4;
				MTL_ENABLE_DEBUG_INFO = INCLUDE_SOURCE;
				MTL_FAST_MATH = YES;
				ONLY_ACTIVE_ARCH = YES;
				SDKROOT = iphoneos;
				SWIFT_ACTIVE_COMPILATION_CONDITIONS = DEBUG;
				SWIFT_OPTIMIZATION_LEVEL = "-Onone";
			};
			name = Debug;
		};
		A24032EF2A04B7C800FC456E /* Release */ = {
			isa = XCBuildConfiguration;
			buildSettings = {
				ALWAYS_SEARCH_USER_PATHS = NO;
				CLANG_ANALYZER_NONNULL = YES;
				CLANG_ANALYZER_NUMBER_OBJECT_CONVERSION = YES_AGGRESSIVE;
				CLANG_CXX_LANGUAGE_STANDARD = "gnu++20";
				CLANG_ENABLE_MODULES = YES;
				CLANG_ENABLE_OBJC_ARC = YES;
				CLANG_ENABLE_OBJC_WEAK = YES;
				CLANG_WARN_BLOCK_CAPTURE_AUTORELEASING = YES;
				CLANG_WARN_BOOL_CONVERSION = YES;
				CLANG_WARN_COMMA = YES;
				CLANG_WARN_CONSTANT_CONVERSION = YES;
				CLANG_WARN_DEPRECATED_OBJC_IMPLEMENTATIONS = YES;
				CLANG_WARN_DIRECT_OBJC_ISA_USAGE = YES_ERROR;
				CLANG_WARN_DOCUMENTATION_COMMENTS = YES;
				CLANG_WARN_EMPTY_BODY = YES;
				CLANG_WARN_ENUM_CONVERSION = YES;
				CLANG_WARN_INFINITE_RECURSION = YES;
				CLANG_WARN_INT_CONVERSION = YES;
				CLANG_WARN_NON_LITERAL_NULL_CONVERSION = YES;
				CLANG_WARN_OBJC_IMPLICIT_RETAIN_SELF = YES;
				CLANG_WARN_OBJC_LITERAL_CONVERSION = YES;
				CLANG_WARN_OBJC_ROOT_CLASS = YES_ERROR;
				CLANG_WARN_QUOTED_INCLUDE_IN_FRAMEWORK_HEADER = YES;
				CLANG_WARN_RANGE_LOOP_ANALYSIS = YES;
				CLANG_WARN_STRICT_PROTOTYPES = YES;
				CLANG_WARN_SUSPICIOUS_MOVE = YES;
				CLANG_WARN_UNGUARDED_AVAILABILITY = YES_AGGRESSIVE;
				CLANG_WARN_UNREACHABLE_CODE = YES;
				CLANG_WARN__DUPLICATE_METHOD_MATCH = YES;
				COPY_PHASE_STRIP = NO;
				DEBUG_INFORMATION_FORMAT = "dwarf-with-dsym";
				ENABLE_NS_ASSERTIONS = NO;
				ENABLE_STRICT_OBJC_MSGSEND = YES;
				GCC_C_LANGUAGE_STANDARD = gnu11;
				GCC_NO_COMMON_BLOCKS = YES;
				GCC_WARN_64_TO_32_BIT_CONVERSION = YES;
				GCC_WARN_ABOUT_RETURN_TYPE = YES_ERROR;
				GCC_WARN_UNDECLARED_SELECTOR = YES;
				GCC_WARN_UNINITIALIZED_AUTOS = YES_AGGRESSIVE;
				GCC_WARN_UNUSED_FUNCTION = YES;
				GCC_WARN_UNUSED_VARIABLE = YES;
				IPHONEOS_DEPLOYMENT_TARGET = 16.4;
				MTL_ENABLE_DEBUG_INFO = NO;
				MTL_FAST_MATH = YES;
				SDKROOT = iphoneos;
				SWIFT_COMPILATION_MODE = wholemodule;
				SWIFT_OPTIMIZATION_LEVEL = "-O";
				VALIDATE_PRODUCT = YES;
			};
			name = Release;
		};
		A24032F12A04B7C800FC456E /* Debug */ = {
			isa = XCBuildConfiguration;
			buildSettings = {
				ASSETCATALOG_COMPILER_APPICON_NAME = AppIcon;
				ASSETCATALOG_COMPILER_GLOBAL_ACCENT_COLOR_NAME = AccentColor;
				CODE_SIGN_STYLE = Automatic;
				CURRENT_PROJECT_VERSION = 1;
				GENERATE_INFOPLIST_FILE = YES;
				INFOPLIST_FILE = Anyway/Info.plist;
				INFOPLIST_KEY_UIApplicationSupportsIndirectInputEvents = YES;
				INFOPLIST_KEY_UILaunchStoryboardName = LaunchScreen;
				INFOPLIST_KEY_UIMainStoryboardFile = Main;
				INFOPLIST_KEY_UISupportedInterfaceOrientations_iPad = "UIInterfaceOrientationPortrait UIInterfaceOrientationPortraitUpsideDown UIInterfaceOrientationLandscapeLeft UIInterfaceOrientationLandscapeRight";
				INFOPLIST_KEY_UISupportedInterfaceOrientations_iPhone = "UIInterfaceOrientationPortrait UIInterfaceOrientationLandscapeLeft UIInterfaceOrientationLandscapeRight";
				LD_RUNPATH_SEARCH_PATHS = (
					"$(inherited)",
					"@executable_path/Frameworks",
				);
				MARKETING_VERSION = 1.0;
				PRODUCT_BUNDLE_IDENTIFIER = "Mingchen-Sun.Anyway";
				PRODUCT_NAME = "$(TARGET_NAME)";
				SWIFT_EMIT_LOC_STRINGS = YES;
				SWIFT_VERSION = 5.0;
				TARGETED_DEVICE_FAMILY = "1,2";
			};
			name = Debug;
		};
		A24032F22A04B7C800FC456E /* Release */ = {
			isa = XCBuildConfiguration;
			buildSettings = {
				ASSETCATALOG_COMPILER_APPICON_NAME = AppIcon;
				ASSETCATALOG_COMPILER_GLOBAL_ACCENT_COLOR_NAME = AccentColor;
				CODE_SIGN_STYLE = Automatic;
				CURRENT_PROJECT_VERSION = 1;
				GENERATE_INFOPLIST_FILE = YES;
				INFOPLIST_FILE = Anyway/Info.plist;
				INFOPLIST_KEY_UIApplicationSupportsIndirectInputEvents = YES;
				INFOPLIST_KEY_UILaunchStoryboardName = LaunchScreen;
				INFOPLIST_KEY_UIMainStoryboardFile = Main;
				INFOPLIST_KEY_UISupportedInterfaceOrientations_iPad = "UIInterfaceOrientationPortrait UIInterfaceOrientationPortraitUpsideDown UIInterfaceOrientationLandscapeLeft UIInterfaceOrientationLandscapeRight";
				INFOPLIST_KEY_UISupportedInterfaceOrientations_iPhone = "UIInterfaceOrientationPortrait UIInterfaceOrientationLandscapeLeft UIInterfaceOrientationLandscapeRight";
				LD_RUNPATH_SEARCH_PATHS = (
					"$(inherited)",
					"@executable_path/Frameworks",
				);
				MARKETING_VERSION = 1.0;
				PRODUCT_BUNDLE_IDENTIFIER = "Mingchen-Sun.Anyway";
				PRODUCT_NAME = "$(TARGET_NAME)";
				SWIFT_EMIT_LOC_STRINGS = YES;
				SWIFT_VERSION = 5.0;
				TARGETED_DEVICE_FAMILY = "1,2";
			};
			name = Release;
		};
/* End XCBuildConfiguration section */

/* Begin XCConfigurationList section */
		A24032D72A04B7C800FC456E /* Build configuration list for PBXProject "Anyway" */ = {
			isa = XCConfigurationList;
			buildConfigurations = (
				A24032EE2A04B7C800FC456E /* Debug */,
				A24032EF2A04B7C800FC456E /* Release */,
			);
			defaultConfigurationIsVisible = 0;
			defaultConfigurationName = Release;
		};
		A24032F02A04B7C800FC456E /* Build configuration list for PBXNativeTarget "Anyway" */ = {
			isa = XCConfigurationList;
			buildConfigurations = (
				A24032F12A04B7C800FC456E /* Debug */,
				A24032F22A04B7C800FC456E /* Release */,
			);
			defaultConfigurationIsVisible = 0;
			defaultConfigurationName = Release;
		};
/* End XCConfigurationList section */
	};
	rootObject = A24032D42A04B7C800FC456E /* Project object */;
}
